
Microsoft Visual Studio Solution File, Format Version 12.00
# Visual Studio Version 16
VisualStudioVersion = 16.0.31005.135
MinimumVisualStudioVersion = 10.0.40219.1
Project("{FAE04EC0-301F-11D3-BF4B-00C04F79EFBC}") = "RegistrationService", "RegistrationService.csproj", "{11B4DA84-BEB6-4680-BDC8-BE15661ACE04}"
EndProject
Global
	GlobalSection(SolutionConfigurationPlatforms) = preSolution
		Debug|Any CPU = Debug|Any CPU
		Release|Any CPU = Release|Any CPU
	EndGlobalSection
	GlobalSection(ProjectConfigurationPlatforms) = postSolution
		{11B4DA84-BEB6-4680-BDC8-BE15661ACE04}.Debug|Any CPU.ActiveCfg = Debug|Any CPU
		{11B4DA84-BEB6-4680-BDC8-BE15661ACE04}.Debug|Any CPU.Build.0 = Debug|Any CPU
		{11B4DA84-BEB6-4680-BDC8-BE15661ACE04}.Release|Any CPU.ActiveCfg = Release|Any CPU
		{11B4DA84-BEB6-4680-BDC8-BE15661ACE04}.Release|Any CPU.Build.0 = Release|Any CPU
	EndGlobalSection
	GlobalSection(SolutionProperties) = preSolution
		HideSolutionNode = FALSE
	EndGlobalSection
	GlobalSection(ExtensibilityGlobals) = postSolution
		SolutionGuid = {B02539C0-53BA-4794-A6F6-EE17664708E4}
	EndGlobalSection
EndGlobal
